// !$*UTF8*$!
{
	archiveVersion = 1;
	classes = {
	};
	objectVersion = 50;
	objects = {

/* Begin PBXBuildFile section */
		A66E6189231FD91E00AEE749 /* AppDelegate.swift in Sources */ = {isa = PBXBuildFile; fileRef = A66E6188231FD91E00AEE749 /* AppDelegate.swift */; };
		A66E618B231FD91E00AEE749 /* ViewController.swift in Sources */ = {isa = PBXBuildFile; fileRef = A66E618A231FD91E00AEE749 /* ViewController.swift */; };
		A66E618E231FD91E00AEE749 /* Main.storyboard in Resources */ = {isa = PBXBuildFile; fileRef = A66E618C231FD91E00AEE749 /* Main.storyboard */; };
		A66E6190231FD92200AEE749 /* Assets.xcassets in Resources */ = {isa = PBXBuildFile; fileRef = A66E618F231FD92200AEE749 /* Assets.xcassets */; };
		A66E6193231FD92200AEE749 /* LaunchScreen.storyboard in Resources */ = {isa = PBXBuildFile; fileRef = A66E6191231FD92200AEE749 /* LaunchScreen.storyboard */; };
		A66E619E231FD92200AEE749 /* BiBaoTests.swift in Sources */ = {isa = PBXBuildFile; fileRef = A66E619D231FD92200AEE749 /* BiBaoTests.swift */; };
		A66E61A9231FD92200AEE749 /* BiBaoUITests.swift in Sources */ = {isa = PBXBuildFile; fileRef = A66E61A8231FD92200AEE749 /* BiBaoUITests.swift */; };
/* End PBXBuildFile section */

/* Begin PBXContainerItemProxy section */
		A66E619A231FD92200AEE749 /* PBXContainerItemProxy */ = {
			isa = PBXContainerItemProxy;
			containerPortal = A66E617D231FD91D00AEE749 /* Project object */;
			proxyType = 1;
			remoteGlobalIDString = A66E6184231FD91E00AEE749;
			remoteInfo = BiBao;
		};
		A66E61A5231FD92200AEE749 /* PBXContainerItemProxy */ = {
			isa = PBXContainerItemProxy;
			containerPortal = A66E617D231FD91D00AEE749 /* Project object */;
			proxyType = 1;
			remoteGlobalIDString = A66E6184231FD91E00AEE749;
			remoteInfo = BiBao;
		};
/* End PBXContainerItemProxy section */

/* Begin PBXFileReference section */
		A66E6185231FD91E00AEE749 /* BiBao.app */ = {isa = PBXFileReference; explicitFileType = wrapper.application; includeInIndex = 0; path = BiBao.app; sourceTree = BUILT_PRODUCTS_DIR; };
		A66E6188231FD91E00AEE749 /* AppDelegate.swift */ = {isa = PBXFileReference; lastKnownFileType = sourcecode.swift; path = AppDelegate.swift; sourceTree = "<group>"; };
		A66E618A231FD91E00AEE749 /* ViewController.swift */ = {isa = PBXFileReference; lastKnownFileType = sourcecode.swift; path = ViewController.swift; sourceTree = "<group>"; };
		A66E618D231FD91E00AEE749 /* Base */ = {isa = PBXFileReference; lastKnownFileType = file.storyboard; name = Base; path = Base.lproj/Main.storyboard; sourceTree = "<group>"; };
		A66E618F231FD92200AEE749 /* Assets.xcassets */ = {isa = PBXFileReference; lastKnownFileType = folder.assetcatalog; path = Assets.xcassets; sourceTree = "<group>"; };
		A66E6192231FD92200AEE749 /* Base */ = {isa = PBXFileReference; lastKnownFileType = file.storyboard; name = Base; path = Base.lproj/LaunchScreen.storyboard; sourceTree = "<group>"; };
		A66E6194231FD92200AEE749 /* Info.plist */ = {isa = PBXFileReference; lastKnownFileType = text.plist.xml; path = Info.plist; sourceTree = "<group>"; };
		A66E6199231FD92200AEE749 /* BiBaoTests.xctest */ = {isa = PBXFileReference; explicitFileType = wrapper.cfbundle; includeInIndex = 0; path = BiBaoTests.xctest; sourceTree = BUILT_PRODUCTS_DIR; };
		A66E619D231FD92200AEE749 /* BiBaoTests.swift */ = {isa = PBXFileReference; lastKnownFileType = sourcecode.swift; path = BiBaoTests.swift; sourceTree = "<group>"; };
		A66E619F231FD92200AEE749 /* Info.plist */ = {isa = PBXFileReference; lastKnownFileType = text.plist.xml; path = Info.plist; sourceTree = "<group>"; };
		A66E61A4231FD92200AEE749 /* BiBaoUITests.xctest */ = {isa = PBXFileReference; explicitFileType = wrapper.cfbundle; includeInIndex = 0; path = BiBaoUITests.xctest; sourceTree = BUILT_PRODUCTS_DIR; };
		A66E61A8231FD92200AEE749 /* BiBaoUITests.swift */ = {isa = PBXFileReference; lastKnownFileType = sourcecode.swift; path = BiBaoUITests.swift; sourceTree = "<group>"; };
		A66E61AA231FD92200AEE749 /* Info.plist */ = {isa = PBXFileReference; lastKnownFileType = text.plist.xml; path = Info.plist; sourceTree = "<group>"; };
/* End PBXFileReference section */

/* Begin PBXFrameworksBuildPhase section */
		A66E6182231FD91E00AEE749 /* Frameworks */ = {
			isa = PBXFrameworksBuildPhase;
			buildActionMask = 2147483647;
			files = (
			);
			runOnlyForDeploymentPostprocessing = 0;
		};
		A66E6196231FD92200AEE749 /* Frameworks */ = {
			isa = PBXFrameworksBuildPhase;
			buildActionMask = 2147483647;
			files = (
			);
			runOnlyForDeploymentPostprocessing = 0;
		};
		A66E61A1231FD92200AEE749 /* Frameworks */ = {
			isa = PBXFrameworksBuildPhase;
			buildActionMask = 2147483647;
			files = (
			);
			runOnlyForDeploymentPostprocessing = 0;
		};
/* End PBXFrameworksBuildPhase section */

/* Begin PBXGroup section */
		A66E617C231FD91D00AEE749 = {
			isa = PBXGroup;
			children = (
				A66E6187231FD91E00AEE749 /* BiBao */,
				A66E619C231FD92200AEE749 /* BiBaoTests */,
				A66E61A7231FD92200AEE749 /* BiBaoUITests */,
				A66E6186231FD91E00AEE749 /* Products */,
			);
			sourceTree = "<group>";
		};
		A66E6186231FD91E00AEE749 /* Products */ = {
			isa = PBXGroup;
			children = (
				A66E6185231FD91E00AEE749 /* BiBao.app */,
				A66E6199231FD92200AEE749 /* BiBaoTests.xctest */,
				A66E61A4231FD92200AEE749 /* BiBaoUITests.xctest */,
			);
			name = Products;
			sourceTree = "<group>";
		};
		A66E6187231FD91E00AEE749 /* BiBao */ = {
			isa = PBXGroup;
			children = (
				A66E6188231FD91E00AEE749 /* AppDelegate.swift */,
				A66E618A231FD91E00AEE749 /* ViewController.swift */,
				A66E618C231FD91E00AEE749 /* Main.storyboard */,
				A66E618F231FD92200AEE749 /* Assets.xcassets */,
				A66E6191231FD92200AEE749 /* LaunchScreen.storyboard */,
				A66E6194231FD92200AEE749 /* Info.plist */,
			);
			path = BiBao;
			sourceTree = "<group>";
		};
		A66E619C231FD92200AEE749 /* BiBaoTests */ = {
			isa = PBXGroup;
			children = (
				A66E619D231FD92200AEE749 /* BiBaoTests.swift */,
				A66E619F231FD92200AEE749 /* Info.plist */,
			);
			path = BiBaoTests;
			sourceTree = "<group>";
		};
		A66E61A7231FD92200AEE749 /* BiBaoUITests */ = {
			isa = PBXGroup;
			children = (
				A66E61A8231FD92200AEE749 /* BiBaoUITests.swift */,
				A66E61AA231FD92200AEE749 /* Info.plist */,
			);
			path = BiBaoUITests;
			sourceTree = "<group>";
		};
/* End PBXGroup section */

/* Begin PBXNativeTarget section */
		A66E6184231FD91E00AEE749 /* BiBao */ = {
			isa = PBXNativeTarget;
			buildConfigurationList = A66E61AD231FD92200AEE749 /* Build configuration list for PBXNativeTarget "BiBao" */;
			buildPhases = (
				A66E6181231FD91E00AEE749 /* Sources */,
				A66E6182231FD91E00AEE749 /* Frameworks */,
				A66E6183231FD91E00AEE749 /* Resources */,
			);
			buildRules = (
			);
			dependencies = (
			);
			name = BiBao;
			productName = BiBao;
			productReference = A66E6185231FD91E00AEE749 /* BiBao.app */;
			productType = "com.apple.product-type.application";
		};
		A66E6198231FD92200AEE749 /* BiBaoTests */ = {
			isa = PBXNativeTarget;
			buildConfigurationList = A66E61B0231FD92200AEE749 /* Build configuration list for PBXNativeTarget "BiBaoTests" */;
			buildPhases = (
				A66E6195231FD92200AEE749 /* Sources */,
				A66E6196231FD92200AEE749 /* Frameworks */,
				A66E6197231FD92200AEE749 /* Resources */,
			);
			buildRules = (
			);
			dependencies = (
				A66E619B231FD92200AEE749 /* PBXTargetDependency */,
			);
			name = BiBaoTests;
			productName = BiBaoTests;
			productReference = A66E6199231FD92200AEE749 /* BiBaoTests.xctest */;
			productType = "com.apple.product-type.bundle.unit-test";
		};
		A66E61A3231FD92200AEE749 /* BiBaoUITests */ = {
			isa = PBXNativeTarget;
			buildConfigurationList = A66E61B3231FD92200AEE749 /* Build configuration list for PBXNativeTarget "BiBaoUITests" */;
			buildPhases = (
				A66E61A0231FD92200AEE749 /* Sources */,
				A66E61A1231FD92200AEE749 /* Frameworks */,
				A66E61A2231FD92200AEE749 /* Resources */,
			);
			buildRules = (
			);
			dependencies = (
				A66E61A6231FD92200AEE749 /* PBXTargetDependency */,
			);
			name = BiBaoUITests;
			productName = BiBaoUITests;
			productReference = A66E61A4231FD92200AEE749 /* BiBaoUITests.xctest */;
			productType = "com.apple.product-type.bundle.ui-testing";
		};
/* End PBXNativeTarget section */

/* Begin PBXProject section */
		A66E617D231FD91D00AEE749 /* Project object */ = {
			isa = PBXProject;
			attributes = {
				LastSwiftUpdateCheck = 0940;
				LastUpgradeCheck = 0940;
				ORGANIZATIONNAME = "张奥";
				TargetAttributes = {
					A66E6184231FD91E00AEE749 = {
						CreatedOnToolsVersion = 9.4.1;
					};
					A66E6198231FD92200AEE749 = {
						CreatedOnToolsVersion = 9.4.1;
						TestTargetID = A66E6184231FD91E00AEE749;
					};
					A66E61A3231FD92200AEE749 = {
						CreatedOnToolsVersion = 9.4.1;
						TestTargetID = A66E6184231FD91E00AEE749;
					};
				};
			};
			buildConfigurationList = A66E6180231FD91D00AEE749 /* Build configuration list for PBXProject "BiBao" */;
			compatibilityVersion = "Xcode 9.3";
			developmentRegion = en;
			hasScannedForEncodings = 0;
			knownRegions = (
				en,
				Base,
			);
			mainGroup = A66E617C231FD91D00AEE749;
			productRefGroup = A66E6186231FD91E00AEE749 /* Products */;
			projectDirPath = "";
			projectRoot = "";
			targets = (
				A66E6184231FD91E00AEE749 /* BiBao */,
				A66E6198231FD92200AEE749 /* BiBaoTests */,
				A66E61A3231FD92200AEE749 /* BiBaoUITests */,
			);
		};
/* End PBXProject section */

/* Begin PBXResourcesBuildPhase section */
		A66E6183231FD91E00AEE749 /* Resources */ = {
			isa = PBXResourcesBuildPhase;
			buildActionMask = 2147483647;
			files = (
				A66E6193231FD92200AEE749 /* LaunchScreen.storyboard in Resources */,
				A66E6190231FD92200AEE749 /* Assets.xcassets in Resources */,
				A66E618E231FD91E00AEE749 /* Main.storyboard in Resources */,
			);
			runOnlyForDeploymentPostprocessing = 0;
		};
		A66E6197231FD92200AEE749 /* Resources */ = {
			isa = PBXResourcesBuildPhase;
			buildActionMask = 2147483647;
			files = (
			);
			runOnlyForDeploymentPostprocessing = 0;
		};
		A66E61A2231FD92200AEE749 /* Resources */ = {
			isa = PBXResourcesBuildPhase;
			buildActionMask = 2147483647;
			files = (
			);
			runOnlyForDeploymentPostprocessing = 0;
		};
/* End PBXResourcesBuildPhase section */

/* Begin PBXSourcesBuildPhase section */
		A66E6181231FD91E00AEE749 /* Sources */ = {
			isa = PBXSourcesBuildPhase;
			buildActionMask = 2147483647;
			files = (
				A66E618B231FD91E00AEE749 /* ViewController.swift in Sources */,
				A66E6189231FD91E00AEE749 /* AppDelegate.swift in Sources */,
			);
			runOnlyForDeploymentPostprocessing = 0;
		};
		A66E6195231FD92200AEE749 /* Sources */ = {
			isa = PBXSourcesBuildPhase;
			buildActionMask = 2147483647;
			files = (
				A66E619E231FD92200AEE749 /* BiBaoTests.swift in Sources */,
			);
			runOnlyForDeploymentPostprocessing = 0;
		};
		A66E61A0231FD92200AEE749 /* Sources */ = {
			isa = PBXSourcesBuildPhase;
			buildActionMask = 2147483647;
			files = (
				A66E61A9231FD92200AEE749 /* BiBaoUITests.swift in Sources */,
			);
			runOnlyForDeploymentPostprocessing = 0;
		};
/* End PBXSourcesBuildPhase section */

/* Begin PBXTargetDependency section */
		A66E619B231FD92200AEE749 /* PBXTargetDependency */ = {
			isa = PBXTargetDependency;
			target = A66E6184231FD91E00AEE749 /* BiBao */;
			targetProxy = A66E619A231FD92200AEE749 /* PBXContainerItemProxy */;
		};
		A66E61A6231FD92200AEE749 /* PBXTargetDependency */ = {
			isa = PBXTargetDependency;
			target = A66E6184231FD91E00AEE749 /* BiBao */;
			targetProxy = A66E61A5231FD92200AEE749 /* PBXContainerItemProxy */;
		};
/* End PBXTargetDependency section */

/* Begin PBXVariantGroup section */
		A66E618C231FD91E00AEE749 /* Main.storyboard */ = {
			isa = PBXVariantGroup;
			children = (
				A66E618D231FD91E00AEE749 /* Base */,
			);
			name = Main.storyboard;
			sourceTree = "<group>";
		};
		A66E6191231FD92200AEE749 /* LaunchScreen.storyboard */ = {
			isa = PBXVariantGroup;
			children = (
				A66E6192231FD92200AEE749 /* Base */,
			);
			name = LaunchScreen.storyboard;
			sourceTree = "<group>";
		};
/* End PBXVariantGroup section */

/* Begin XCBuildConfiguration section */
		A66E61AB231FD92200AEE749 /* Debug */ = {
			isa = XCBuildConfiguration;
			buildSettings = {
				ALWAYS_SEARCH_USER_PATHS = NO;
				CLANG_ANALYZER_NONNULL = YES;
				CLANG_ANALYZER_NUMBER_OBJECT_CONVERSION = YES_AGGRESSIVE;
				CLANG_CXX_LANGUAGE_STANDARD = "gnu++14";
				CLANG_CXX_LIBRARY = "libc++";
				CLANG_ENABLE_MODULES = YES;
				CLANG_ENABLE_OBJC_ARC = YES;
				CLANG_ENABLE_OBJC_WEAK = YES;
				CLANG_WARN_BLOCK_CAPTURE_AUTORELEASING = YES;
				CLANG_WARN_BOOL_CONVERSION = YES;
				CLANG_WARN_COMMA = YES;
				CLANG_WARN_CONSTANT_CONVERSION = YES;
				CLANG_WARN_DEPRECATED_OBJC_IMPLEMENTATIONS = YES;
				CLANG_WARN_DIRECT_OBJC_ISA_USAGE = YES_ERROR;
				CLANG_WARN_DOCUMENTATION_COMMENTS = YES;
				CLANG_WARN_EMPTY_BODY = YES;
				CLANG_WARN_ENUM_CONVERSION = YES;
				CLANG_WARN_INFINITE_RECURSION = YES;
				CLANG_WARN_INT_CONVERSION = YES;
				CLANG_WARN_NON_LITERAL_NULL_CONVERSION = YES;
				CLANG_WARN_OBJC_IMPLICIT_RETAIN_SELF = YES;
				CLANG_WARN_OBJC_LITERAL_CONVERSION = YES;
				CLANG_WARN_OBJC_ROOT_CLASS = YES_ERROR;
				CLANG_WARN_RANGE_LOOP_ANALYSIS = YES;
				CLANG_WARN_STRICT_PROTOTYPES = YES;
				CLANG_WARN_SUSPICIOUS_MOVE = YES;
				CLANG_WARN_UNGUARDED_AVAILABILITY = YES_AGGRESSIVE;
				CLANG_WARN_UNREACHABLE_CODE = YES;
				CLANG_WARN__DUPLICATE_METHOD_MATCH = YES;
				CODE_SIGN_IDENTITY = "iPhone Developer";
				COPY_PHASE_STRIP = NO;
				DEBUG_INFORMATION_FORMAT = dwarf;
				ENABLE_STRICT_OBJC_MSGSEND = YES;
				ENABLE_TESTABILITY = YES;
				GCC_C_LANGUAGE_STANDARD = gnu11;
				GCC_DYNAMIC_NO_PIC = NO;
				GCC_NO_COMMON_BLOCKS = YES;
				GCC_OPTIMIZATION_LEVEL = 0;
				GCC_PREPROCESSOR_DEFINITIONS = (
					"DEBUG=1",
					"$(inherited)",
				);
				GCC_WARN_64_TO_32_BIT_CONVERSION = YES;
				GCC_WARN_ABOUT_RETURN_TYPE = YES_ERROR;
				GCC_WARN_UNDECLARED_SELECTOR = YES;
				GCC_WARN_UNINITIALIZED_AUTOS = YES_AGGRESSIVE;
				GCC_WARN_UNUSED_FUNCTION = YES;
				GCC_WARN_UNUSED_VARIABLE = YES;
				IPHONEOS_DEPLOYMENT_TARGET = 11.4;
				MTL_ENABLE_DEBUG_INFO = YES;
				ONLY_ACTIVE_ARCH = YES;
				SDKROOT = iphoneos;
				SWIFT_ACTIVE_COMPILATION_CONDITIONS = DEBUG;
				SWIFT_OPTIMIZATION_LEVEL = "-Onone";
			};
			name = Debug;
		};
		A66E61AC231FD92200AEE749 /* Release */ = {
			isa = XCBuildConfiguration;
			buildSettings = {
				ALWAYS_SEARCH_USER_PATHS = NO;
				CLANG_ANALYZER_NONNULL = YES;
				CLANG_ANALYZER_NUMBER_OBJECT_CONVERSION = YES_AGGRESSIVE;
				CLANG_CXX_LANGUAGE_STANDARD = "gnu++14";
				CLANG_CXX_LIBRARY = "libc++";
				CLANG_ENABLE_MODULES = YES;
				CLANG_ENABLE_OBJC_ARC = YES;
				CLANG_ENABLE_OBJC_WEAK = YES;
				CLANG_WARN_BLOCK_CAPTURE_AUTORELEASING = YES;
				CLANG_WARN_BOOL_CONVERSION = YES;
				CLANG_WARN_COMMA = YES;
				CLANG_WARN_CONSTANT_CONVERSION = YES;
				CLANG_WARN_DEPRECATED_OBJC_IMPLEMENTATIONS = YES;
				CLANG_WARN_DIRECT_OBJC_ISA_USAGE = YES_ERROR;
				CLANG_WARN_DOCUMENTATION_COMMENTS = YES;
				CLANG_WARN_EMPTY_BODY = YES;
				CLANG_WARN_ENUM_CONVERSION = YES;
				CLANG_WARN_INFINITE_RECURSION = YES;
				CLANG_WARN_INT_CONVERSION = YES;
				CLANG_WARN_NON_LITERAL_NULL_CONVERSION = YES;
				CLANG_WARN_OBJC_IMPLICIT_RETAIN_SELF = YES;
				CLANG_WARN_OBJC_LITERAL_CONVERSION = YES;
				CLANG_WARN_OBJC_ROOT_CLASS = YES_ERROR;
				CLANG_WARN_RANGE_LOOP_ANALYSIS = YES;
				CLANG_WARN_STRICT_PROTOTYPES = YES;
				CLANG_WARN_SUSPICIOUS_MOVE = YES;
				CLANG_WARN_UNGUARDED_AVAILABILITY = YES_AGGRESSIVE;
				CLANG_WARN_UNREACHABLE_CODE = YES;
				CLANG_WARN__DUPLICATE_METHOD_MATCH = YES;
				CODE_SIGN_IDENTITY = "iPhone Developer";
				COPY_PHASE_STRIP = NO;
				DEBUG_INFORMATION_FORMAT = "dwarf-with-dsym";
				ENABLE_NS_ASSERTIONS = NO;
				ENABLE_STRICT_OBJC_MSGSEND = YES;
				GCC_C_LANGUAGE_STANDARD = gnu11;
				GCC_NO_COMMON_BLOCKS = YES;
				GCC_WARN_64_TO_32_BIT_CONVERSION = YES;
				GCC_WARN_ABOUT_RETURN_TYPE = YES_ERROR;
				GCC_WARN_UNDECLARED_SELECTOR = YES;
				GCC_WARN_UNINITIALIZED_AUTOS = YES_AGGRESSIVE;
				GCC_WARN_UNUSED_FUNCTION = YES;
				GCC_WARN_UNUSED_VARIABLE = YES;
				IPHONEOS_DEPLOYMENT_TARGET = 11.4;
				MTL_ENABLE_DEBUG_INFO = NO;
				SDKROOT = iphoneos;
				SWIFT_COMPILATION_MODE = wholemodule;
				SWIFT_OPTIMIZATION_LEVEL = "-O";
				VALIDATE_PRODUCT = YES;
			};
			name = Release;
		};
		A66E61AE231FD92200AEE749 /* Debug */ = {
			isa = XCBuildConfiguration;
			buildSettings = {
				ASSETCATALOG_COMPILER_APPICON_NAME = AppIcon;
				CODE_SIGN_STYLE = Automatic;
				INFOPLIST_FILE = BiBao/Info.plist;
				LD_RUNPATH_SEARCH_PATHS = (
					"$(inherited)",
					"@executable_path/Frameworks",
				);
				PRODUCT_BUNDLE_IDENTIFIER = com.aozhang.BiBao;
				PRODUCT_NAME = "$(TARGET_NAME)";
				SWIFT_VERSION = 4.0;
				TARGETED_DEVICE_FAMILY = "1,2";
			};
			name = Debug;
		};
		A66E61AF231FD92200AEE749 /* Release */ = {
			isa = XCBuildConfiguration;
			buildSettings = {
				ASSETCATALOG_COMPILER_APPICON_NAME = AppIcon;
				CODE_SIGN_STYLE = Automatic;
				INFOPLIST_FILE = BiBao/Info.plist;
				LD_RUNPATH_SEARCH_PATHS = (
					"$(inherited)",
					"@executable_path/Frameworks",
				);
				PRODUCT_BUNDLE_IDENTIFIER = com.aozhang.BiBao;
				PRODUCT_NAME = "$(TARGET_NAME)";
				SWIFT_VERSION = 4.0;
				TARGETED_DEVICE_FAMILY = "1,2";
			};
			name = Release;
		};
		A66E61B1231FD92200AEE749 /* Debug */ = {
			isa = XCBuildConfiguration;
			buildSettings = {
				ALWAYS_EMBED_SWIFT_STANDARD_LIBRARIES = YES;
				BUNDLE_LOADER = "$(TEST_HOST)";
				CODE_SIGN_STYLE = Automatic;
				INFOPLIST_FILE = BiBaoTests/Info.plist;
				LD_RUNPATH_SEARCH_PATHS = (
					"$(inherited)",
					"@executable_path/Frameworks",
					"@loader_path/Frameworks",
				);
				PRODUCT_BUNDLE_IDENTIFIER = com.aozhang.BiBaoTests;
				PRODUCT_NAME = "$(TARGET_NAME)";
				SWIFT_VERSION = 4.0;
				TARGETED_DEVICE_FAMILY = "1,2";
				TEST_HOST = "$(BUILT_PRODUCTS_DIR)/BiBao.app/BiBao";
			};
			name = Debug;
		};
		A66E61B2231FD92200AEE749 /* Release */ = {
			isa = XCBuildConfiguration;
			buildSettings = {
				ALWAYS_EMBED_SWIFT_STANDARD_LIBRARIES = YES;
				BUNDLE_LOADER = "$(TEST_HOST)";
				CODE_SIGN_STYLE = Automatic;
				INFOPLIST_FILE = BiBaoTests/Info.plist;
				LD_RUNPATH_SEARCH_PATHS = (
					"$(inherited)",
					"@executable_path/Frameworks",
					"@loader_path/Frameworks",
				);
				PRODUCT_BUNDLE_IDENTIFIER = com.aozhang.BiBaoTests;
				PRODUCT_NAME = "$(TARGET_NAME)";
				SWIFT_VERSION = 4.0;
				TARGETED_DEVICE_FAMILY = "1,2";
				TEST_HOST = "$(BUILT_PRODUCTS_DIR)/BiBao.app/BiBao";
			};
			name = Release;
		};
		A66E61B4231FD92200AEE749 /* Debug */ = {
			isa = XCBuildConfiguration;
			buildSettings = {
				ALWAYS_EMBED_SWIFT_STANDARD_LIBRARIES = YES;
				CODE_SIGN_STYLE = Automatic;
				INFOPLIST_FILE = BiBaoUITests/Info.plist;
				LD_RUNPATH_SEARCH_PATHS = (
					"$(inherited)",
					"@executable_path/Frameworks",
					"@loader_path/Frameworks",
				);
				PRODUCT_BUNDLE_IDENTIFIER = com.aozhang.BiBaoUITests;
				PRODUCT_NAME = "$(TARGET_NAME)";
				SWIFT_VERSION = 4.0;
				TARGETED_DEVICE_FAMILY = "1,2";
				TEST_TARGET_NAME = BiBao;
			};
			name = Debug;
		};
		A66E61B5231FD92200AEE749 /* Release */ = {
			isa = XCBuildConfiguration;
			buildSettings = {
				ALWAYS_EMBED_SWIFT_STANDARD_LIBRARIES = YES;
				CODE_SIGN_STYLE = Automatic;
				INFOPLIST_FILE = BiBaoUITests/Info.plist;
				LD_RUNPATH_SEARCH_PATHS = (
					"$(inherited)",
					"@executable_path/Frameworks",
					"@loader_path/Frameworks",
				);
				PRODUCT_BUNDLE_IDENTIFIER = com.aozhang.BiBaoUITests;
				PRODUCT_NAME = "$(TARGET_NAME)";
				SWIFT_VERSION = 4.0;
				TARGETED_DEVICE_FAMILY = "1,2";
				TEST_TARGET_NAME = BiBao;
			};
			name = Release;
		};
/* End XCBuildConfiguration section */

/* Begin XCConfigurationList section */
		A66E6180231FD91D00AEE749 /* Build configuration list for PBXProject "BiBao" */ = {
			isa = XCConfigurationList;
			buildConfigurations = (
				A66E61AB231FD92200AEE749 /* Debug */,
				A66E61AC231FD92200AEE749 /* Release */,
			);
			defaultConfigurationIsVisible = 0;
			defaultConfigurationName = Release;
		};
		A66E61AD231FD92200AEE749 /* Build configuration list for PBXNativeTarget "BiBao" */ = {
			isa = XCConfigurationList;
			buildConfigurations = (
				A66E61AE231FD92200AEE749 /* Debug */,
				A66E61AF231FD92200AEE749 /* Release */,
			);
			defaultConfigurationIsVisible = 0;
			defaultConfigurationName = Release;
		};
		A66E61B0231FD92200AEE749 /* Build configuration list for PBXNativeTarget "BiBaoTests" */ = {
			isa = XCConfigurationList;
			buildConfigurations = (
				A66E61B1231FD92200AEE749 /* Debug */,
				A66E61B2231FD92200AEE749 /* Release */,
			);
			defaultConfigurationIsVisible = 0;
			defaultConfigurationName = Release;
		};
		A66E61B3231FD92200AEE749 /* Build configuration list for PBXNativeTarget "BiBaoUITests" */ = {
			isa = XCConfigurationList;
			buildConfigurations = (
				A66E61B4231FD92200AEE749 /* Debug */,
				A66E61B5231FD92200AEE749 /* Release */,
			);
			defaultConfigurationIsVisible = 0;
			defaultConfigurationName = Release;
		};
/* End XCConfigurationList section */
	};
	rootObject = A66E617D231FD91D00AEE749 /* Project object */;
}
